
Microsoft Visual Studio Solution File, Format Version 12.00
# Visual Studio Version 17
VisualStudioVersion = 17.4.33103.184
MinimumVisualStudioVersion = 10.0.40219.1
Project("{9A19103F-16F7-4668-BE54-9A1E7A4F7556}") = "ClothesStoreApp", "ClothesStoreApp.csproj", "{173FCC4D-CDE5-4E54-AB7B-07BF7E1DC974}"
EndProject
Global
	GlobalSection(SolutionConfigurationPlatforms) = preSolution
		Debug|Any CPU = Debug|Any CPU
		Release|Any CPU = Release|Any CPU
	EndGlobalSection
	GlobalSection(ProjectConfigurationPlatforms) = postSolution
		{173FCC4D-CDE5-4E54-AB7B-07BF7E1DC974}.Debug|Any CPU.ActiveCfg = Debug|Any CPU
		{173FCC4D-CDE5-4E54-AB7B-07BF7E1DC974}.Debug|Any CPU.Build.0 = Debug|Any CPU
		{173FCC4D-CDE5-4E54-AB7B-07BF7E1DC974}.Release|Any CPU.ActiveCfg = Release|Any CPU
		{173FCC4D-CDE5-4E54-AB7B-07BF7E1DC974}.Release|Any CPU.Build.0 = Release|Any CPU
	EndGlobalSection
	GlobalSection(SolutionProperties) = preSolution
		HideSolutionNode = FALSE
	EndGlobalSection
	GlobalSection(ExtensibilityGlobals) = postSolution
		SolutionGuid = {22123291-DA96-499F-BFF2-F2160E3B9E8A}
	EndGlobalSection
EndGlobal
